
Microsoft Visual Studio Solution File, Format Version 12.00
# Visual Studio 2013
VisualStudioVersion = 12.0.31101.0
MinimumVisualStudioVersion = 10.0.40219.1
Project("{FAE04EC0-301F-11D3-BF4B-00C04F79EFBC}") = "WindowsFormsApplication1", "WindowsFormsApplication1\WindowsFormsApplication1.csproj", "{DBBCD338-8C7A-4E13-BC2D-B437D9F732D9}"
EndProject
Global
	GlobalSection(SolutionConfigurationPlatforms) = preSolution
		Debug|Any CPU = Debug|Any CPU
		Release|Any CPU = Release|Any CPU
	EndGlobalSection
	GlobalSection(ProjectConfigurationPlatforms) = postSolution
		{DBBCD338-8C7A-4E13-BC2D-B437D9F732D9}.Debug|Any CPU.ActiveCfg = Debug|Any CPU
		{DBBCD338-8C7A-4E13-BC2D-B437D9F732D9}.Debug|Any CPU.Build.0 = Debug|Any CPU
		{DBBCD338-8C7A-4E13-BC2D-B437D9F732D9}.Release|Any CPU.ActiveCfg = Release|Any CPU
		{DBBCD338-8C7A-4E13-BC2D-B437D9F732D9}.Release|Any CPU.Build.0 = Release|Any CPU
	EndGlobalSection
	GlobalSection(SolutionProperties) = preSolution
		HideSolutionNode = FALSE
	EndGlobalSection
EndGlobal
